// !$*UTF8*$!
{
	archiveVersion = 1;
	classes = {
	};
	objectVersion = 46;
	objects = {

/* Begin PBXBuildFile section */
		1C13C04E1D2A74B4001415D8 /* UIImageView+Cache.swift in Sources */ = {isa = PBXBuildFile; fileRef = 1C13C04D1D2A74B4001415D8 /* UIImageView+Cache.swift */; };
		1C6DAB241D2B961800F5988F /* UIimageViewViewController.swift in Sources */ = {isa = PBXBuildFile; fileRef = 1C6DAB231D2B961800F5988F /* UIimageViewViewController.swift */; };
		310D8B0B4AF143A990CD5EEB /* Pods_LinkimFoundation_Tests.framework in Frameworks */ = {isa = PBXBuildFile; fileRef = C3CFF9E24B3B0FB20440BBD5 /* Pods_LinkimFoundation_Tests.framework */; };
		607FACD61AFB9204008FA782 /* AppDelegate.swift in Sources */ = {isa = PBXBuildFile; fileRef = 607FACD51AFB9204008FA782 /* AppDelegate.swift */; };
		607FACD81AFB9204008FA782 /* MainViewController.swift in Sources */ = {isa = PBXBuildFile; fileRef = 607FACD71AFB9204008FA782 /* MainViewController.swift */; };
		607FACDD1AFB9204008FA782 /* Images.xcassets in Resources */ = {isa = PBXBuildFile; fileRef = 607FACDC1AFB9204008FA782 /* Images.xcassets */; };
		607FACE01AFB9204008FA782 /* LaunchScreen.xib in Resources */ = {isa = PBXBuildFile; fileRef = 607FACDE1AFB9204008FA782 /* LaunchScreen.xib */; };
		607FACEC1AFB9204008FA782 /* Tests.swift in Sources */ = {isa = PBXBuildFile; fileRef = 607FACEB1AFB9204008FA782 /* Tests.swift */; };
		F8D1486EA9CC8A5E7224C01C /* Pods_LinkimFoundation_Example.framework in Frameworks */ = {isa = PBXBuildFile; fileRef = 4B75C463388ED25A8A10D926 /* Pods_LinkimFoundation_Example.framework */; };
		FE6347411D24EFEF004C75AE /* MainView.swift in Sources */ = {isa = PBXBuildFile; fileRef = FE6347401D24EFEF004C75AE /* MainView.swift */; };
		FE6347431D24F616004C75AE /* NotificationViewController.swift in Sources */ = {isa = PBXBuildFile; fileRef = FE6347421D24F616004C75AE /* NotificationViewController.swift */; };
		FE6347451D24F621004C75AE /* TimerViewController.swift in Sources */ = {isa = PBXBuildFile; fileRef = FE6347441D24F621004C75AE /* TimerViewController.swift */; };
		FE6347611D2632FC004C75AE /* StringDemoViewController.swift in Sources */ = {isa = PBXBuildFile; fileRef = FE6347601D2632FC004C75AE /* StringDemoViewController.swift */; };
		FE63477C1D266E01004C75AE /* NetworkClient.swift in Sources */ = {isa = PBXBuildFile; fileRef = FE6347751D266E01004C75AE /* NetworkClient.swift */; };
		FE63477D1D266E01004C75AE /* NetworkClientManager.swift in Sources */ = {isa = PBXBuildFile; fileRef = FE6347761D266E01004C75AE /* NetworkClientManager.swift */; };
		FE63477E1D266E01004C75AE /* NetworkError.swift in Sources */ = {isa = PBXBuildFile; fileRef = FE6347771D266E01004C75AE /* NetworkError.swift */; };
		FE63477F1D266E01004C75AE /* NetworkMessage.swift in Sources */ = {isa = PBXBuildFile; fileRef = FE6347781D266E01004C75AE /* NetworkMessage.swift */; };
		FE6347801D266E01004C75AE /* NetworkRequest.swift in Sources */ = {isa = PBXBuildFile; fileRef = FE6347791D266E01004C75AE /* NetworkRequest.swift */; };
		FE6347811D266E01004C75AE /* NetworkResponse.swift in Sources */ = {isa = PBXBuildFile; fileRef = FE63477A1D266E01004C75AE /* NetworkResponse.swift */; };
		FE6347841D266EC3004C75AE /* TabBarView.swift in Sources */ = {isa = PBXBuildFile; fileRef = FE6347831D266EC3004C75AE /* TabBarView.swift */; };
		FE6347861D266F83004C75AE /* TabBarItem.swift in Sources */ = {isa = PBXBuildFile; fileRef = FE6347851D266F83004C75AE /* TabBarItem.swift */; };
		FE6347881D267017004C75AE /* TabBarItemView.swift in Sources */ = {isa = PBXBuildFile; fileRef = FE6347871D267017004C75AE /* TabBarItemView.swift */; };
		FE63478A1D2678E5004C75AE /* TabBarNotification.swift in Sources */ = {isa = PBXBuildFile; fileRef = FE6347891D2678E5004C75AE /* TabBarNotification.swift */; };
		FE63478C1D26822E004C75AE /* TabBarController.swift in Sources */ = {isa = PBXBuildFile; fileRef = FE63478B1D26822E004C75AE /* TabBarController.swift */; };
		FE63478E1D2A317D004C75AE /* TabBarDataSource.swift in Sources */ = {isa = PBXBuildFile; fileRef = FE63478D1D2A317D004C75AE /* TabBarDataSource.swift */; };
		FE6347901D2A3279004C75AE /* TabBarConfig.swift in Sources */ = {isa = PBXBuildFile; fileRef = FE63478F1D2A3279004C75AE /* TabBarConfig.swift */; };
		FE6347951D2A4CB1004C75AE /* tabbar_config.json in Resources */ = {isa = PBXBuildFile; fileRef = FE6347941D2A4CB1004C75AE /* tabbar_config.json */; };
		FE6347981D2A4D3E004C75AE /* TabBar1Controller.swift in Sources */ = {isa = PBXBuildFile; fileRef = FE6347971D2A4D3E004C75AE /* TabBar1Controller.swift */; };
		FE63479A1D2A4D5E004C75AE /* TabBar2Controller.swift in Sources */ = {isa = PBXBuildFile; fileRef = FE6347991D2A4D5E004C75AE /* TabBar2Controller.swift */; };
		FE63479C1D2A4D6D004C75AE /* TabBar3Controller.swift in Sources */ = {isa = PBXBuildFile; fileRef = FE63479B1D2A4D6D004C75AE /* TabBar3Controller.swift */; };
/* End PBXBuildFile section */

/* Begin PBXContainerItemProxy section */
		607FACE61AFB9204008FA782 /* PBXContainerItemProxy */ = {
			isa = PBXContainerItemProxy;
			containerPortal = 607FACC81AFB9204008FA782 /* Project object */;
			proxyType = 1;
			remoteGlobalIDString = 607FACCF1AFB9204008FA782;
			remoteInfo = LinkimFoundation;
		};
/* End PBXContainerItemProxy section */

/* Begin PBXFileReference section */
		021FE9D89DE5F0D498576F87 /* Pods-LinkimFoundation_Example.release.xcconfig */ = {isa = PBXFileReference; includeInIndex = 1; lastKnownFileType = text.xcconfig; name = "Pods-LinkimFoundation_Example.release.xcconfig"; path = "Pods/Target Support Files/Pods-LinkimFoundation_Example/Pods-LinkimFoundation_Example.release.xcconfig"; sourceTree = "<group>"; };
		1C13C04D1D2A74B4001415D8 /* UIImageView+Cache.swift */ = {isa = PBXFileReference; fileEncoding = 4; lastKnownFileType = sourcecode.swift; path = "UIImageView+Cache.swift"; sourceTree = "<group>"; };
		1C6DAB231D2B961800F5988F /* UIimageViewViewController.swift */ = {isa = PBXFileReference; fileEncoding = 4; lastKnownFileType = sourcecode.swift; path = UIimageViewViewController.swift; sourceTree = "<group>"; };
		2A62A56F9172BC1A89AD5824 /* Pods-LinkimFoundation_Tests.debug.xcconfig */ = {isa = PBXFileReference; includeInIndex = 1; lastKnownFileType = text.xcconfig; name = "Pods-LinkimFoundation_Tests.debug.xcconfig"; path = "Pods/Target Support Files/Pods-LinkimFoundation_Tests/Pods-LinkimFoundation_Tests.debug.xcconfig"; sourceTree = "<group>"; };
		4B75C463388ED25A8A10D926 /* Pods_LinkimFoundation_Example.framework */ = {isa = PBXFileReference; explicitFileType = wrapper.framework; includeInIndex = 0; path = Pods_LinkimFoundation_Example.framework; sourceTree = BUILT_PRODUCTS_DIR; };
		57B377CD808EE47AC3D6A3FA /* LICENSE */ = {isa = PBXFileReference; includeInIndex = 1; lastKnownFileType = text; name = LICENSE; path = ../LICENSE; sourceTree = "<group>"; };
		607FACD01AFB9204008FA782 /* LinkimFoundation_Example.app */ = {isa = PBXFileReference; explicitFileType = wrapper.application; includeInIndex = 0; path = LinkimFoundation_Example.app; sourceTree = BUILT_PRODUCTS_DIR; };
		607FACD41AFB9204008FA782 /* Info.plist */ = {isa = PBXFileReference; lastKnownFileType = text.plist.xml; path = Info.plist; sourceTree = "<group>"; };
		607FACD51AFB9204008FA782 /* AppDelegate.swift */ = {isa = PBXFileReference; lastKnownFileType = sourcecode.swift; path = AppDelegate.swift; sourceTree = "<group>"; };
		607FACD71AFB9204008FA782 /* MainViewController.swift */ = {isa = PBXFileReference; lastKnownFileType = sourcecode.swift; path = MainViewController.swift; sourceTree = "<group>"; };
		607FACDC1AFB9204008FA782 /* Images.xcassets */ = {isa = PBXFileReference; lastKnownFileType = folder.assetcatalog; path = Images.xcassets; sourceTree = "<group>"; };
		607FACDF1AFB9204008FA782 /* Base */ = {isa = PBXFileReference; lastKnownFileType = file.xib; name = Base; path = Base.lproj/LaunchScreen.xib; sourceTree = "<group>"; };
		607FACE51AFB9204008FA782 /* LinkimFoundation_Tests.xctest */ = {isa = PBXFileReference; explicitFileType = wrapper.cfbundle; includeInIndex = 0; path = LinkimFoundation_Tests.xctest; sourceTree = BUILT_PRODUCTS_DIR; };
		607FACEA1AFB9204008FA782 /* Info.plist */ = {isa = PBXFileReference; lastKnownFileType = text.plist.xml; path = Info.plist; sourceTree = "<group>"; };
		607FACEB1AFB9204008FA782 /* Tests.swift */ = {isa = PBXFileReference; lastKnownFileType = sourcecode.swift; path = Tests.swift; sourceTree = "<group>"; };
		66F48AC7947B555889562EC1 /* LinkimFoundation.podspec */ = {isa = PBXFileReference; includeInIndex = 1; lastKnownFileType = text; name = LinkimFoundation.podspec; path = ../LinkimFoundation.podspec; sourceTree = "<group>"; };
		6E5E7A20DDAF96CDEF51A007 /* Pods-LinkimFoundation_Tests.release.xcconfig */ = {isa = PBXFileReference; includeInIndex = 1; lastKnownFileType = text.xcconfig; name = "Pods-LinkimFoundation_Tests.release.xcconfig"; path = "Pods/Target Support Files/Pods-LinkimFoundation_Tests/Pods-LinkimFoundation_Tests.release.xcconfig"; sourceTree = "<group>"; };
		953F1B780F142694D6E535C9 /* README.md */ = {isa = PBXFileReference; includeInIndex = 1; lastKnownFileType = net.daringfireball.markdown; name = README.md; path = ../README.md; sourceTree = "<group>"; };
		C3CFF9E24B3B0FB20440BBD5 /* Pods_LinkimFoundation_Tests.framework */ = {isa = PBXFileReference; explicitFileType = wrapper.framework; includeInIndex = 0; path = Pods_LinkimFoundation_Tests.framework; sourceTree = BUILT_PRODUCTS_DIR; };
		EDF24AB22F8C9C4018EF1456 /* Pods-LinkimFoundation_Example.debug.xcconfig */ = {isa = PBXFileReference; includeInIndex = 1; lastKnownFileType = text.xcconfig; name = "Pods-LinkimFoundation_Example.debug.xcconfig"; path = "Pods/Target Support Files/Pods-LinkimFoundation_Example/Pods-LinkimFoundation_Example.debug.xcconfig"; sourceTree = "<group>"; };
		FE6347401D24EFEF004C75AE /* MainView.swift */ = {isa = PBXFileReference; fileEncoding = 4; lastKnownFileType = sourcecode.swift; path = MainView.swift; sourceTree = "<group>"; };
		FE6347421D24F616004C75AE /* NotificationViewController.swift */ = {isa = PBXFileReference; fileEncoding = 4; lastKnownFileType = sourcecode.swift; path = NotificationViewController.swift; sourceTree = "<group>"; };
		FE6347441D24F621004C75AE /* TimerViewController.swift */ = {isa = PBXFileReference; fileEncoding = 4; lastKnownFileType = sourcecode.swift; path = TimerViewController.swift; sourceTree = "<group>"; };
		FE6347601D2632FC004C75AE /* StringDemoViewController.swift */ = {isa = PBXFileReference; fileEncoding = 4; lastKnownFileType = sourcecode.swift; path = StringDemoViewController.swift; sourceTree = "<group>"; };
		FE6347751D266E01004C75AE /* NetworkClient.swift */ = {isa = PBXFileReference; fileEncoding = 4; lastKnownFileType = sourcecode.swift; path = NetworkClient.swift; sourceTree = "<group>"; };
		FE6347761D266E01004C75AE /* NetworkClientManager.swift */ = {isa = PBXFileReference; fileEncoding = 4; lastKnownFileType = sourcecode.swift; path = NetworkClientManager.swift; sourceTree = "<group>"; };
		FE6347771D266E01004C75AE /* NetworkError.swift */ = {isa = PBXFileReference; fileEncoding = 4; lastKnownFileType = sourcecode.swift; path = NetworkError.swift; sourceTree = "<group>"; };
		FE6347781D266E01004C75AE /* NetworkMessage.swift */ = {isa = PBXFileReference; fileEncoding = 4; lastKnownFileType = sourcecode.swift; path = NetworkMessage.swift; sourceTree = "<group>"; };
		FE6347791D266E01004C75AE /* NetworkRequest.swift */ = {isa = PBXFileReference; fileEncoding = 4; lastKnownFileType = sourcecode.swift; path = NetworkRequest.swift; sourceTree = "<group>"; };
		FE63477A1D266E01004C75AE /* NetworkResponse.swift */ = {isa = PBXFileReference; fileEncoding = 4; lastKnownFileType = sourcecode.swift; path = NetworkResponse.swift; sourceTree = "<group>"; };
		FE6347831D266EC3004C75AE /* TabBarView.swift */ = {isa = PBXFileReference; fileEncoding = 4; lastKnownFileType = sourcecode.swift; path = TabBarView.swift; sourceTree = "<group>"; };
		FE6347851D266F83004C75AE /* TabBarItem.swift */ = {isa = PBXFileReference; fileEncoding = 4; lastKnownFileType = sourcecode.swift; path = TabBarItem.swift; sourceTree = "<group>"; };
		FE6347871D267017004C75AE /* TabBarItemView.swift */ = {isa = PBXFileReference; fileEncoding = 4; lastKnownFileType = sourcecode.swift; path = TabBarItemView.swift; sourceTree = "<group>"; };
		FE6347891D2678E5004C75AE /* TabBarNotification.swift */ = {isa = PBXFileReference; fileEncoding = 4; lastKnownFileType = sourcecode.swift; path = TabBarNotification.swift; sourceTree = "<group>"; };
		FE63478B1D26822E004C75AE /* TabBarController.swift */ = {isa = PBXFileReference; fileEncoding = 4; lastKnownFileType = sourcecode.swift; path = TabBarController.swift; sourceTree = "<group>"; };
		FE63478D1D2A317D004C75AE /* TabBarDataSource.swift */ = {isa = PBXFileReference; fileEncoding = 4; lastKnownFileType = sourcecode.swift; path = TabBarDataSource.swift; sourceTree = "<group>"; };
		FE63478F1D2A3279004C75AE /* TabBarConfig.swift */ = {isa = PBXFileReference; fileEncoding = 4; lastKnownFileType = sourcecode.swift; path = TabBarConfig.swift; sourceTree = "<group>"; };
		FE6347941D2A4CB1004C75AE /* tabbar_config.json */ = {isa = PBXFileReference; fileEncoding = 4; lastKnownFileType = text.json; path = tabbar_config.json; sourceTree = "<group>"; };
		FE6347971D2A4D3E004C75AE /* TabBar1Controller.swift */ = {isa = PBXFileReference; fileEncoding = 4; lastKnownFileType = sourcecode.swift; path = TabBar1Controller.swift; sourceTree = "<group>"; };
		FE6347991D2A4D5E004C75AE /* TabBar2Controller.swift */ = {isa = PBXFileReference; fileEncoding = 4; lastKnownFileType = sourcecode.swift; path = TabBar2Controller.swift; sourceTree = "<group>"; };
		FE63479B1D2A4D6D004C75AE /* TabBar3Controller.swift */ = {isa = PBXFileReference; fileEncoding = 4; lastKnownFileType = sourcecode.swift; path = TabBar3Controller.swift; sourceTree = "<group>"; };
/* End PBXFileReference section */

/* Begin PBXFrameworksBuildPhase section */
		607FACCD1AFB9204008FA782 /* Frameworks */ = {
			isa = PBXFrameworksBuildPhase;
			buildActionMask = 2147483647;
			files = (
				F8D1486EA9CC8A5E7224C01C /* Pods_LinkimFoundation_Example.framework in Frameworks */,
			);
			runOnlyForDeploymentPostprocessing = 0;
		};
		607FACE21AFB9204008FA782 /* Frameworks */ = {
			isa = PBXFrameworksBuildPhase;
			buildActionMask = 2147483647;
			files = (
				310D8B0B4AF143A990CD5EEB /* Pods_LinkimFoundation_Tests.framework in Frameworks */,
			);
			runOnlyForDeploymentPostprocessing = 0;
		};
/* End PBXFrameworksBuildPhase section */

/* Begin PBXGroup section */
		1C13C04C1D2A74B4001415D8 /* UIImageView */ = {
			isa = PBXGroup;
			children = (
				1C13C04D1D2A74B4001415D8 /* UIImageView+Cache.swift */,
			);
			path = UIImageView;
			sourceTree = "<group>";
		};
		5C279554EDDE4D858CD00F5D /* Frameworks */ = {
			isa = PBXGroup;
			children = (
				4B75C463388ED25A8A10D926 /* Pods_LinkimFoundation_Example.framework */,
				C3CFF9E24B3B0FB20440BBD5 /* Pods_LinkimFoundation_Tests.framework */,
			);
			name = Frameworks;
			sourceTree = "<group>";
		};
		607FACC71AFB9204008FA782 = {
			isa = PBXGroup;
			children = (
				FE6347651D265960004C75AE /* Foundation */,
				607FACF51AFB993E008FA782 /* Podspec Metadata */,
				607FACD21AFB9204008FA782 /* Example for LinkimFoundation */,
				607FACE81AFB9204008FA782 /* Tests */,
				607FACD11AFB9204008FA782 /* Products */,
				F00AFCF090B90A77FA446738 /* Pods */,
				5C279554EDDE4D858CD00F5D /* Frameworks */,
			);
			sourceTree = "<group>";
		};
		607FACD11AFB9204008FA782 /* Products */ = {
			isa = PBXGroup;
			children = (
				607FACD01AFB9204008FA782 /* LinkimFoundation_Example.app */,
				607FACE51AFB9204008FA782 /* LinkimFoundation_Tests.xctest */,
			);
			name = Products;
			sourceTree = "<group>";
		};
		607FACD21AFB9204008FA782 /* Example for LinkimFoundation */ = {
			isa = PBXGroup;
			children = (
				FE6347961D2A4D27004C75AE /* TabBar */,
				607FACD51AFB9204008FA782 /* AppDelegate.swift */,
				607FACD71AFB9204008FA782 /* MainViewController.swift */,
				FE6347401D24EFEF004C75AE /* MainView.swift */,
				607FACDC1AFB9204008FA782 /* Images.xcassets */,
				607FACDE1AFB9204008FA782 /* LaunchScreen.xib */,
				607FACD31AFB9204008FA782 /* Supporting Files */,
				FE6347421D24F616004C75AE /* NotificationViewController.swift */,
				FE6347441D24F621004C75AE /* TimerViewController.swift */,
				FE6347601D2632FC004C75AE /* StringDemoViewController.swift */,
				1C6DAB231D2B961800F5988F /* UIimageViewViewController.swift */,
			);
			name = "Example for LinkimFoundation";
			path = LinkimFoundation;
			sourceTree = "<group>";
		};
		607FACD31AFB9204008FA782 /* Supporting Files */ = {
			isa = PBXGroup;
			children = (
				607FACD41AFB9204008FA782 /* Info.plist */,
			);
			name = "Supporting Files";
			sourceTree = "<group>";
		};
		607FACE81AFB9204008FA782 /* Tests */ = {
			isa = PBXGroup;
			children = (
				607FACEB1AFB9204008FA782 /* Tests.swift */,
				607FACE91AFB9204008FA782 /* Supporting Files */,
			);
			path = Tests;
			sourceTree = "<group>";
		};
		607FACE91AFB9204008FA782 /* Supporting Files */ = {
			isa = PBXGroup;
			children = (
				607FACEA1AFB9204008FA782 /* Info.plist */,
			);
			name = "Supporting Files";
			sourceTree = "<group>";
		};
		607FACF51AFB993E008FA782 /* Podspec Metadata */ = {
			isa = PBXGroup;
			children = (
				66F48AC7947B555889562EC1 /* LinkimFoundation.podspec */,
				953F1B780F142694D6E535C9 /* README.md */,
				57B377CD808EE47AC3D6A3FA /* LICENSE */,
			);
			name = "Podspec Metadata";
			sourceTree = "<group>";
		};
		F00AFCF090B90A77FA446738 /* Pods */ = {
			isa = PBXGroup;
			children = (
				EDF24AB22F8C9C4018EF1456 /* Pods-LinkimFoundation_Example.debug.xcconfig */,
				021FE9D89DE5F0D498576F87 /* Pods-LinkimFoundation_Example.release.xcconfig */,
				2A62A56F9172BC1A89AD5824 /* Pods-LinkimFoundation_Tests.debug.xcconfig */,
				6E5E7A20DDAF96CDEF51A007 /* Pods-LinkimFoundation_Tests.release.xcconfig */,
			);
			name = Pods;
			sourceTree = "<group>";
		};
		FE6347651D265960004C75AE /* Foundation */ = {
			isa = PBXGroup;
			children = (
				FE6347731D266E01004C75AE /* System */,
				FE63477B1D266E01004C75AE /* UI */,
			);
			name = Foundation;
			path = LinkimFoundation/Foundation;
			sourceTree = "<group>";
		};
		FE6347731D266E01004C75AE /* System */ = {
			isa = PBXGroup;
			children = (
				FE6347741D266E01004C75AE /* Network */,
			);
			path = System;
			sourceTree = "<group>";
		};
		FE6347741D266E01004C75AE /* Network */ = {
			isa = PBXGroup;
			children = (
				FE6347751D266E01004C75AE /* NetworkClient.swift */,
				FE6347761D266E01004C75AE /* NetworkClientManager.swift */,
				FE6347771D266E01004C75AE /* NetworkError.swift */,
				FE6347781D266E01004C75AE /* NetworkMessage.swift */,
				FE6347791D266E01004C75AE /* NetworkRequest.swift */,
				FE63477A1D266E01004C75AE /* NetworkResponse.swift */,
			);
			path = Network;
			sourceTree = "<group>";
		};
		FE63477B1D266E01004C75AE /* UI */ = {
			isa = PBXGroup;
			children = (
				1C13C04C1D2A74B4001415D8 /* UIImageView */,
				FE6347821D266E91004C75AE /* TabBarController */,
			);
			path = UI;
			sourceTree = "<group>";
		};
		FE6347821D266E91004C75AE /* TabBarController */ = {
			isa = PBXGroup;
			children = (
				FE6347941D2A4CB1004C75AE /* tabbar_config.json */,
				FE6347831D266EC3004C75AE /* TabBarView.swift */,
				FE6347851D266F83004C75AE /* TabBarItem.swift */,
				FE63478D1D2A317D004C75AE /* TabBarDataSource.swift */,
				FE6347871D267017004C75AE /* TabBarItemView.swift */,
				FE6347891D2678E5004C75AE /* TabBarNotification.swift */,
				FE63478B1D26822E004C75AE /* TabBarController.swift */,
				FE63478F1D2A3279004C75AE /* TabBarConfig.swift */,
			);
			path = TabBarController;
			sourceTree = "<group>";
		};
		FE6347961D2A4D27004C75AE /* TabBar */ = {
			isa = PBXGroup;
			children = (
				FE6347971D2A4D3E004C75AE /* TabBar1Controller.swift */,
				FE6347991D2A4D5E004C75AE /* TabBar2Controller.swift */,
				FE63479B1D2A4D6D004C75AE /* TabBar3Controller.swift */,
			);
			path = TabBar;
			sourceTree = "<group>";
		};
/* End PBXGroup section */

/* Begin PBXNativeTarget section */
		607FACCF1AFB9204008FA782 /* LinkimFoundation_Example */ = {
			isa = PBXNativeTarget;
			buildConfigurationList = 607FACEF1AFB9204008FA782 /* Build configuration list for PBXNativeTarget "LinkimFoundation_Example" */;
			buildPhases = (
				C0DBF625D42165052FAEC116 /* [CP] Check Pods Manifest.lock */,
				607FACCC1AFB9204008FA782 /* Sources */,
				607FACCD1AFB9204008FA782 /* Frameworks */,
				607FACCE1AFB9204008FA782 /* Resources */,
				57973995666DA7D919C7CDBB /* [CP] Embed Pods Frameworks */,
				F86DB6F2AB9E8A065B1BCD67 /* [CP] Copy Pods Resources */,
			);
			buildRules = (
			);
			dependencies = (
			);
			name = LinkimFoundation_Example;
			productName = LinkimFoundation;
			productReference = 607FACD01AFB9204008FA782 /* LinkimFoundation_Example.app */;
			productType = "com.apple.product-type.application";
		};
		607FACE41AFB9204008FA782 /* LinkimFoundation_Tests */ = {
			isa = PBXNativeTarget;
			buildConfigurationList = 607FACF21AFB9204008FA782 /* Build configuration list for PBXNativeTarget "LinkimFoundation_Tests" */;
			buildPhases = (
				A4D5442CD3D8039BDF56457D /* [CP] Check Pods Manifest.lock */,
				607FACE11AFB9204008FA782 /* Sources */,
				607FACE21AFB9204008FA782 /* Frameworks */,
				607FACE31AFB9204008FA782 /* Resources */,
				1D65220CFF1747D68F60F9B2 /* [CP] Embed Pods Frameworks */,
				CBFE32F2AF57FDA964DB80DF /* [CP] Copy Pods Resources */,
			);
			buildRules = (
			);
			dependencies = (
				607FACE71AFB9204008FA782 /* PBXTargetDependency */,
			);
			name = LinkimFoundation_Tests;
			productName = Tests;
			productReference = 607FACE51AFB9204008FA782 /* LinkimFoundation_Tests.xctest */;
			productType = "com.apple.product-type.bundle.unit-test";
		};
/* End PBXNativeTarget section */

/* Begin PBXProject section */
		607FACC81AFB9204008FA782 /* Project object */ = {
			isa = PBXProject;
			attributes = {
				LastSwiftUpdateCheck = 0720;
				LastUpgradeCheck = 0720;
				ORGANIZATIONNAME = CocoaPods;
				TargetAttributes = {
					607FACCF1AFB9204008FA782 = {
						CreatedOnToolsVersion = 6.3.1;
					};
					607FACE41AFB9204008FA782 = {
						CreatedOnToolsVersion = 6.3.1;
						TestTargetID = 607FACCF1AFB9204008FA782;
					};
				};
			};
			buildConfigurationList = 607FACCB1AFB9204008FA782 /* Build configuration list for PBXProject "LinkimFoundation" */;
			compatibilityVersion = "Xcode 3.2";
			developmentRegion = English;
			hasScannedForEncodings = 0;
			knownRegions = (
				en,
				Base,
			);
			mainGroup = 607FACC71AFB9204008FA782;
			productRefGroup = 607FACD11AFB9204008FA782 /* Products */;
			projectDirPath = "";
			projectRoot = "";
			targets = (
				607FACCF1AFB9204008FA782 /* LinkimFoundation_Example */,
				607FACE41AFB9204008FA782 /* LinkimFoundation_Tests */,
			);
		};
/* End PBXProject section */

/* Begin PBXResourcesBuildPhase section */
		607FACCE1AFB9204008FA782 /* Resources */ = {
			isa = PBXResourcesBuildPhase;
			buildActionMask = 2147483647;
			files = (
				607FACE01AFB9204008FA782 /* LaunchScreen.xib in Resources */,
				607FACDD1AFB9204008FA782 /* Images.xcassets in Resources */,
				FE6347951D2A4CB1004C75AE /* tabbar_config.json in Resources */,
			);
			runOnlyForDeploymentPostprocessing = 0;
		};
		607FACE31AFB9204008FA782 /* Resources */ = {
			isa = PBXResourcesBuildPhase;
			buildActionMask = 2147483647;
			files = (
			);
			runOnlyForDeploymentPostprocessing = 0;
		};
/* End PBXResourcesBuildPhase section */

/* Begin PBXShellScriptBuildPhase section */
		1D65220CFF1747D68F60F9B2 /* [CP] Embed Pods Frameworks */ = {
			isa = PBXShellScriptBuildPhase;
			buildActionMask = 2147483647;
			files = (
			);
			inputPaths = (
			);
			name = "[CP] Embed Pods Frameworks";
			outputPaths = (
			);
			runOnlyForDeploymentPostprocessing = 0;
			shellPath = /bin/sh;
			shellScript = "\"${SRCROOT}/Pods/Target Support Files/Pods-LinkimFoundation_Tests/Pods-LinkimFoundation_Tests-frameworks.sh\"\n";
			showEnvVarsInLog = 0;
		};
		57973995666DA7D919C7CDBB /* [CP] Embed Pods Frameworks */ = {
			isa = PBXShellScriptBuildPhase;
			buildActionMask = 2147483647;
			files = (
			);
			inputPaths = (
			);
			name = "[CP] Embed Pods Frameworks";
			outputPaths = (
			);
			runOnlyForDeploymentPostprocessing = 0;
			shellPath = /bin/sh;
			shellScript = "\"${SRCROOT}/Pods/Target Support Files/Pods-LinkimFoundation_Example/Pods-LinkimFoundation_Example-frameworks.sh\"\n";
			showEnvVarsInLog = 0;
		};
		A4D5442CD3D8039BDF56457D /* [CP] Check Pods Manifest.lock */ = {
			isa = PBXShellScriptBuildPhase;
			buildActionMask = 2147483647;
			files = (
			);
			inputPaths = (
			);
			name = "[CP] Check Pods Manifest.lock";
			outputPaths = (
			);
			runOnlyForDeploymentPostprocessing = 0;
			shellPath = /bin/sh;
			shellScript = "diff \"${PODS_ROOT}/../Podfile.lock\" \"${PODS_ROOT}/Manifest.lock\" > /dev/null\nif [[ $? != 0 ]] ; then\n    cat << EOM\nerror: The sandbox is not in sync with the Podfile.lock. Run 'pod install' or update your CocoaPods installation.\nEOM\n    exit 1\nfi\n";
			showEnvVarsInLog = 0;
		};
		C0DBF625D42165052FAEC116 /* [CP] Check Pods Manifest.lock */ = {
			isa = PBXShellScriptBuildPhase;
			buildActionMask = 2147483647;
			files = (
			);
			inputPaths = (
			);
			name = "[CP] Check Pods Manifest.lock";
			outputPaths = (
			);
			runOnlyForDeploymentPostprocessing = 0;
			shellPath = /bin/sh;
			shellScript = "diff \"${PODS_ROOT}/../Podfile.lock\" \"${PODS_ROOT}/Manifest.lock\" > /dev/null\nif [[ $? != 0 ]] ; then\n    cat << EOM\nerror: The sandbox is not in sync with the Podfile.lock. Run 'pod install' or update your CocoaPods installation.\nEOM\n    exit 1\nfi\n";
			showEnvVarsInLog = 0;
		};
		CBFE32F2AF57FDA964DB80DF /* [CP] Copy Pods Resources */ = {
			isa = PBXShellScriptBuildPhase;
			buildActionMask = 2147483647;
			files = (
			);
			inputPaths = (
			);
			name = "[CP] Copy Pods Resources";
			outputPaths = (
			);
			runOnlyForDeploymentPostprocessing = 0;
			shellPath = /bin/sh;
			shellScript = "\"${SRCROOT}/Pods/Target Support Files/Pods-LinkimFoundation_Tests/Pods-LinkimFoundation_Tests-resources.sh\"\n";
			showEnvVarsInLog = 0;
		};
		F86DB6F2AB9E8A065B1BCD67 /* [CP] Copy Pods Resources */ = {
			isa = PBXShellScriptBuildPhase;
			buildActionMask = 2147483647;
			files = (
			);
			inputPaths = (
			);
			name = "[CP] Copy Pods Resources";
			outputPaths = (
			);
			runOnlyForDeploymentPostprocessing = 0;
			shellPath = /bin/sh;
			shellScript = "\"${SRCROOT}/Pods/Target Support Files/Pods-LinkimFoundation_Example/Pods-LinkimFoundation_Example-resources.sh\"\n";
			showEnvVarsInLog = 0;
		};
/* End PBXShellScriptBuildPhase section */

/* Begin PBXSourcesBuildPhase section */
		607FACCC1AFB9204008FA782 /* Sources */ = {
			isa = PBXSourcesBuildPhase;
			buildActionMask = 2147483647;
			files = (
				FE6347451D24F621004C75AE /* TimerViewController.swift in Sources */,
				FE6347901D2A3279004C75AE /* TabBarConfig.swift in Sources */,
				FE63479A1D2A4D5E004C75AE /* TabBar2Controller.swift in Sources */,
				FE63477D1D266E01004C75AE /* NetworkClientManager.swift in Sources */,
				FE6347841D266EC3004C75AE /* TabBarView.swift in Sources */,
				607FACD81AFB9204008FA782 /* MainViewController.swift in Sources */,
				FE6347861D266F83004C75AE /* TabBarItem.swift in Sources */,
				FE6347611D2632FC004C75AE /* StringDemoViewController.swift in Sources */,
				FE63478C1D26822E004C75AE /* TabBarController.swift in Sources */,
				1C13C04E1D2A74B4001415D8 /* UIImageView+Cache.swift in Sources */,
				FE63478A1D2678E5004C75AE /* TabBarNotification.swift in Sources */,
				FE63478E1D2A317D004C75AE /* TabBarDataSource.swift in Sources */,
				FE6347411D24EFEF004C75AE /* MainView.swift in Sources */,
				FE6347811D266E01004C75AE /* NetworkResponse.swift in Sources */,
				FE63479C1D2A4D6D004C75AE /* TabBar3Controller.swift in Sources */,
				FE6347981D2A4D3E004C75AE /* TabBar1Controller.swift in Sources */,
				FE6347881D267017004C75AE /* TabBarItemView.swift in Sources */,
				FE63477C1D266E01004C75AE /* NetworkClient.swift in Sources */,
				FE63477E1D266E01004C75AE /* NetworkError.swift in Sources */,
				FE6347431D24F616004C75AE /* NotificationViewController.swift in Sources */,
				FE6347801D266E01004C75AE /* NetworkRequest.swift in Sources */,
				1C6DAB241D2B961800F5988F /* UIimageViewViewController.swift in Sources */,
				FE63477F1D266E01004C75AE /* NetworkMessage.swift in Sources */,
				607FACD61AFB9204008FA782 /* AppDelegate.swift in Sources */,
			);
			runOnlyForDeploymentPostprocessing = 0;
		};
		607FACE11AFB9204008FA782 /* Sources */ = {
			isa = PBXSourcesBuildPhase;
			buildActionMask = 2147483647;
			files = (
				607FACEC1AFB9204008FA782 /* Tests.swift in Sources */,
			);
			runOnlyForDeploymentPostprocessing = 0;
		};
/* End PBXSourcesBuildPhase section */

/* Begin PBXTargetDependency section */
		607FACE71AFB9204008FA782 /* PBXTargetDependency */ = {
			isa = PBXTargetDependency;
			target = 607FACCF1AFB9204008FA782 /* LinkimFoundation_Example */;
			targetProxy = 607FACE61AFB9204008FA782 /* PBXContainerItemProxy */;
		};
/* End PBXTargetDependency section */

/* Begin PBXVariantGroup section */
		607FACDE1AFB9204008FA782 /* LaunchScreen.xib */ = {
			isa = PBXVariantGroup;
			children = (
				607FACDF1AFB9204008FA782 /* Base */,
			);
			name = LaunchScreen.xib;
			sourceTree = "<group>";
		};
/* End PBXVariantGroup section */

/* Begin XCBuildConfiguration section */
		607FACED1AFB9204008FA782 /* Debug */ = {
			isa = XCBuildConfiguration;
			buildSettings = {
				ALWAYS_SEARCH_USER_PATHS = NO;
				CLANG_CXX_LANGUAGE_STANDARD = "gnu++0x";
				CLANG_CXX_LIBRARY = "libc++";
				CLANG_ENABLE_MODULES = YES;
				CLANG_ENABLE_OBJC_ARC = YES;
				CLANG_WARN_BOOL_CONVERSION = YES;
				CLANG_WARN_CONSTANT_CONVERSION = YES;
				CLANG_WARN_DIRECT_OBJC_ISA_USAGE = YES_ERROR;
				CLANG_WARN_EMPTY_BODY = YES;
				CLANG_WARN_ENUM_CONVERSION = YES;
				CLANG_WARN_INT_CONVERSION = YES;
				CLANG_WARN_OBJC_ROOT_CLASS = YES_ERROR;
				CLANG_WARN_UNREACHABLE_CODE = YES;
				CLANG_WARN__DUPLICATE_METHOD_MATCH = YES;
				"CODE_SIGN_IDENTITY[sdk=iphoneos*]" = "iPhone Developer";
				COPY_PHASE_STRIP = NO;
				DEBUG_INFORMATION_FORMAT = "dwarf-with-dsym";
				ENABLE_STRICT_OBJC_MSGSEND = YES;
				ENABLE_TESTABILITY = YES;
				GCC_C_LANGUAGE_STANDARD = gnu99;
				GCC_DYNAMIC_NO_PIC = NO;
				GCC_NO_COMMON_BLOCKS = YES;
				GCC_OPTIMIZATION_LEVEL = 0;
				GCC_PREPROCESSOR_DEFINITIONS = (
					"DEBUG=1",
					"$(inherited)",
				);
				GCC_SYMBOLS_PRIVATE_EXTERN = NO;
				GCC_WARN_64_TO_32_BIT_CONVERSION = YES;
				GCC_WARN_ABOUT_RETURN_TYPE = YES_ERROR;
				GCC_WARN_UNDECLARED_SELECTOR = YES;
				GCC_WARN_UNINITIALIZED_AUTOS = YES_AGGRESSIVE;
				GCC_WARN_UNUSED_FUNCTION = YES;
				GCC_WARN_UNUSED_VARIABLE = YES;
				IPHONEOS_DEPLOYMENT_TARGET = 8.3;
				MTL_ENABLE_DEBUG_INFO = YES;
				ONLY_ACTIVE_ARCH = YES;
				SDKROOT = iphoneos;
				SWIFT_OPTIMIZATION_LEVEL = "-Onone";
			};
			name = Debug;
		};
		607FACEE1AFB9204008FA782 /* Release */ = {
			isa = XCBuildConfiguration;
			buildSettings = {
				ALWAYS_SEARCH_USER_PATHS = NO;
				CLANG_CXX_LANGUAGE_STANDARD = "gnu++0x";
				CLANG_CXX_LIBRARY = "libc++";
				CLANG_ENABLE_MODULES = YES;
				CLANG_ENABLE_OBJC_ARC = YES;
				CLANG_WARN_BOOL_CONVERSION = YES;
				CLANG_WARN_CONSTANT_CONVERSION = YES;
				CLANG_WARN_DIRECT_OBJC_ISA_USAGE = YES_ERROR;
				CLANG_WARN_EMPTY_BODY = YES;
				CLANG_WARN_ENUM_CONVERSION = YES;
				CLANG_WARN_INT_CONVERSION = YES;
				CLANG_WARN_OBJC_ROOT_CLASS = YES_ERROR;
				CLANG_WARN_UNREACHABLE_CODE = YES;
				CLANG_WARN__DUPLICATE_METHOD_MATCH = YES;
				"CODE_SIGN_IDENTITY[sdk=iphoneos*]" = "iPhone Developer";
				COPY_PHASE_STRIP = NO;
				DEBUG_INFORMATION_FORMAT = "dwarf-with-dsym";
				ENABLE_NS_ASSERTIONS = NO;
				ENABLE_STRICT_OBJC_MSGSEND = YES;
				GCC_C_LANGUAGE_STANDARD = gnu99;
				GCC_NO_COMMON_BLOCKS = YES;
				GCC_WARN_64_TO_32_BIT_CONVERSION = YES;
				GCC_WARN_ABOUT_RETURN_TYPE = YES_ERROR;
				GCC_WARN_UNDECLARED_SELECTOR = YES;
				GCC_WARN_UNINITIALIZED_AUTOS = YES_AGGRESSIVE;
				GCC_WARN_UNUSED_FUNCTION = YES;
				GCC_WARN_UNUSED_VARIABLE = YES;
				IPHONEOS_DEPLOYMENT_TARGET = 8.3;
				MTL_ENABLE_DEBUG_INFO = NO;
				SDKROOT = iphoneos;
				VALIDATE_PRODUCT = YES;
			};
			name = Release;
		};
		607FACF01AFB9204008FA782 /* Debug */ = {
			isa = XCBuildConfiguration;
			baseConfigurationReference = EDF24AB22F8C9C4018EF1456 /* Pods-LinkimFoundation_Example.debug.xcconfig */;
			buildSettings = {
				ASSETCATALOG_COMPILER_APPICON_NAME = AppIcon;
				INFOPLIST_FILE = LinkimFoundation/Info.plist;
				LD_RUNPATH_SEARCH_PATHS = "$(inherited) @executable_path/Frameworks";
				MODULE_NAME = ExampleApp;
				PRODUCT_BUNDLE_IDENTIFIER = "org.cocoapods.demo.$(PRODUCT_NAME:rfc1034identifier)";
				PRODUCT_NAME = "$(TARGET_NAME)";
			};
			name = Debug;
		};
		607FACF11AFB9204008FA782 /* Release */ = {
			isa = XCBuildConfiguration;
			baseConfigurationReference = 021FE9D89DE5F0D498576F87 /* Pods-LinkimFoundation_Example.release.xcconfig */;
			buildSettings = {
				ASSETCATALOG_COMPILER_APPICON_NAME = AppIcon;
				INFOPLIST_FILE = LinkimFoundation/Info.plist;
				LD_RUNPATH_SEARCH_PATHS = "$(inherited) @executable_path/Frameworks";
				MODULE_NAME = ExampleApp;
				PRODUCT_BUNDLE_IDENTIFIER = "org.cocoapods.demo.$(PRODUCT_NAME:rfc1034identifier)";
				PRODUCT_NAME = "$(TARGET_NAME)";
			};
			name = Release;
		};
		607FACF31AFB9204008FA782 /* Debug */ = {
			isa = XCBuildConfiguration;
			baseConfigurationReference = 2A62A56F9172BC1A89AD5824 /* Pods-LinkimFoundation_Tests.debug.xcconfig */;
			buildSettings = {
				FRAMEWORK_SEARCH_PATHS = (
					"$(SDKROOT)/Developer/Library/Frameworks",
					"$(inherited)",
				);
				GCC_PREPROCESSOR_DEFINITIONS = (
					"DEBUG=1",
					"$(inherited)",
				);
				INFOPLIST_FILE = Tests/Info.plist;
				LD_RUNPATH_SEARCH_PATHS = "$(inherited) @executable_path/Frameworks @loader_path/Frameworks";
				PRODUCT_BUNDLE_IDENTIFIER = "org.cocoapods.$(PRODUCT_NAME:rfc1034identifier)";
				PRODUCT_NAME = "$(TARGET_NAME)";
			};
			name = Debug;
		};
		607FACF41AFB9204008FA782 /* Release */ = {
			isa = XCBuildConfiguration;
			baseConfigurationReference = 6E5E7A20DDAF96CDEF51A007 /* Pods-LinkimFoundation_Tests.release.xcconfig */;
			buildSettings = {
				FRAMEWORK_SEARCH_PATHS = (
					"$(SDKROOT)/Developer/Library/Frameworks",
					"$(inherited)",
				);
				INFOPLIST_FILE = Tests/Info.plist;
				LD_RUNPATH_SEARCH_PATHS = "$(inherited) @executable_path/Frameworks @loader_path/Frameworks";
				PRODUCT_BUNDLE_IDENTIFIER = "org.cocoapods.$(PRODUCT_NAME:rfc1034identifier)";
				PRODUCT_NAME = "$(TARGET_NAME)";
			};
			name = Release;
		};
/* End XCBuildConfiguration section */

/* Begin XCConfigurationList section */
		607FACCB1AFB9204008FA782 /* Build configuration list for PBXProject "LinkimFoundation" */ = {
			isa = XCConfigurationList;
			buildConfigurations = (
				607FACED1AFB9204008FA782 /* Debug */,
				607FACEE1AFB9204008FA782 /* Release */,
			);
			defaultConfigurationIsVisible = 0;
			defaultConfigurationName = Release;
		};
		607FACEF1AFB9204008FA782 /* Build configuration list for PBXNativeTarget "LinkimFoundation_Example" */ = {
			isa = XCConfigurationList;
			buildConfigurations = (
				607FACF01AFB9204008FA782 /* Debug */,
				607FACF11AFB9204008FA782 /* Release */,
			);
			defaultConfigurationIsVisible = 0;
			defaultConfigurationName = Release;
		};
		607FACF21AFB9204008FA782 /* Build configuration list for PBXNativeTarget "LinkimFoundation_Tests" */ = {
			isa = XCConfigurationList;
			buildConfigurations = (
				607FACF31AFB9204008FA782 /* Debug */,
				607FACF41AFB9204008FA782 /* Release */,
			);
			defaultConfigurationIsVisible = 0;
			defaultConfigurationName = Release;
		};
/* End XCConfigurationList section */
	};
	rootObject = 607FACC81AFB9204008FA782 /* Project object */;
}
